// !$*UTF8*$!
{
	archiveVersion = 1;
	classes = {
	};
	objectVersion = 52;
	objects = {

/* Begin PBXBuildFile section */
		1703067F24D03B9F00E881C9 /* UUID+.swift in Sources */ = {isa = PBXBuildFile; fileRef = 1703067E24D03B9F00E881C9 /* UUID+.swift */; };
		1714E1D624CF413E00043308 /* GameModule.framework in Frameworks */ = {isa = PBXBuildFile; fileRef = 1714E1CD24CF413E00043308 /* GameModule.framework */; };
		1714E1DF24CF413E00043308 /* GameModule.h in Headers */ = {isa = PBXBuildFile; fileRef = 1714E1CF24CF413E00043308 /* GameModule.h */; settings = {ATTRIBUTES = (Public, ); }; };
		1714E1E224CF413E00043308 /* GameModule.framework in Frameworks */ = {isa = PBXBuildFile; fileRef = 1714E1CD24CF413E00043308 /* GameModule.framework */; };
		1714E1E324CF413E00043308 /* GameModule.framework in Embed Frameworks */ = {isa = PBXBuildFile; fileRef = 1714E1CD24CF413E00043308 /* GameModule.framework */; settings = {ATTRIBUTES = (CodeSignOnCopy, RemoveHeadersOnCopy, ); }; };
		1714E1EB24CF415200043308 /* GameStartView.swift in Sources */ = {isa = PBXBuildFile; fileRef = 1715026124C8A709008AFA35 /* GameStartView.swift */; };
		1714E1EC24CF415700043308 /* GameView.swift in Sources */ = {isa = PBXBuildFile; fileRef = 1715023524C88486008AFA35 /* GameView.swift */; };
		1714E1F124CF41E700043308 /* ModuleState.swift in Sources */ = {isa = PBXBuildFile; fileRef = 1714E1F024CF41E700043308 /* ModuleState.swift */; };
		1714E1F324CF42DA00043308 /* Environment.swift in Sources */ = {isa = PBXBuildFile; fileRef = 17A4980F24C9CCE40000B47E /* Environment.swift */; };
		1714E20024CF436D00043308 /* Common.h in Headers */ = {isa = PBXBuildFile; fileRef = 1714E1FE24CF436D00043308 /* Common.h */; settings = {ATTRIBUTES = (Public, ); }; };
		1714E20324CF436D00043308 /* Common.framework in Frameworks */ = {isa = PBXBuildFile; fileRef = 1714E1FC24CF436D00043308 /* Common.framework */; };
		1714E20424CF436D00043308 /* Common.framework in Embed Frameworks */ = {isa = PBXBuildFile; fileRef = 1714E1FC24CF436D00043308 /* Common.framework */; settings = {ATTRIBUTES = (CodeSignOnCopy, RemoveHeadersOnCopy, ); }; };
		1714E20824CF437E00043308 /* ScoreHistory.swift in Sources */ = {isa = PBXBuildFile; fileRef = 1752428D24C9E18600798865 /* ScoreHistory.swift */; };
		1714E20924CF439000043308 /* GameData.swift in Sources */ = {isa = PBXBuildFile; fileRef = 1715025624C886BC008AFA35 /* GameData.swift */; };
		1714E20A24CF43C900043308 /* Common.framework in Frameworks */ = {isa = PBXBuildFile; fileRef = 1714E1FC24CF436D00043308 /* Common.framework */; };
		1714E20B24CF43C900043308 /* Common.framework in Embed Frameworks */ = {isa = PBXBuildFile; fileRef = 1714E1FC24CF436D00043308 /* Common.framework */; settings = {ATTRIBUTES = (CodeSignOnCopy, RemoveHeadersOnCopy, ); }; };
		1714E20F24CF43FA00043308 /* GameResults.swift in Sources */ = {isa = PBXBuildFile; fileRef = 1715025824C88E34008AFA35 /* GameResults.swift */; };
		1714E22524CF487F00043308 /* ScoreHistoryModule.framework in Frameworks */ = {isa = PBXBuildFile; fileRef = 1714E21C24CF487F00043308 /* ScoreHistoryModule.framework */; };
		1714E22C24CF487F00043308 /* ScoreHistoryModuleTests.swift in Sources */ = {isa = PBXBuildFile; fileRef = 1714E22B24CF487F00043308 /* ScoreHistoryModuleTests.swift */; };
		1714E22E24CF487F00043308 /* ScoreHistoryModule.h in Headers */ = {isa = PBXBuildFile; fileRef = 1714E21E24CF487F00043308 /* ScoreHistoryModule.h */; settings = {ATTRIBUTES = (Public, ); }; };
		1714E23124CF487F00043308 /* ScoreHistoryModule.framework in Frameworks */ = {isa = PBXBuildFile; fileRef = 1714E21C24CF487F00043308 /* ScoreHistoryModule.framework */; };
		1714E23224CF487F00043308 /* ScoreHistoryModule.framework in Embed Frameworks */ = {isa = PBXBuildFile; fileRef = 1714E21C24CF487F00043308 /* ScoreHistoryModule.framework */; settings = {ATTRIBUTES = (CodeSignOnCopy, RemoveHeadersOnCopy, ); }; };
		1714E23924CF48AD00043308 /* ScoreHistoryView.swift in Sources */ = {isa = PBXBuildFile; fileRef = 1752428F24C9E34000798865 /* ScoreHistoryView.swift */; };
		1714E23B24CF48B900043308 /* ModuleState.swift in Sources */ = {isa = PBXBuildFile; fileRef = 1714E23A24CF48B900043308 /* ModuleState.swift */; };
		1714E23E24CF498600043308 /* Common.framework in Frameworks */ = {isa = PBXBuildFile; fileRef = 1714E1FC24CF436D00043308 /* Common.framework */; };
		1714E23F24CF498600043308 /* Common.framework in Embed Frameworks */ = {isa = PBXBuildFile; fileRef = 1714E1FC24CF436D00043308 /* Common.framework */; settings = {ATTRIBUTES = (CodeSignOnCopy, RemoveHeadersOnCopy, ); }; };
		1714E24A24CF4B5D00043308 /* ComposableArchitecture in Frameworks */ = {isa = PBXBuildFile; productRef = 1714E24924CF4B5D00043308 /* ComposableArchitecture */; };
		1714E24C24CF4BA000043308 /* Environment.swift in Sources */ = {isa = PBXBuildFile; fileRef = 1714E24B24CF4BA000043308 /* Environment.swift */; };
		1715023224C88486008AFA35 /* AppDelegate.swift in Sources */ = {isa = PBXBuildFile; fileRef = 1715023124C88486008AFA35 /* AppDelegate.swift */; };
		1715023424C88486008AFA35 /* SceneDelegate.swift in Sources */ = {isa = PBXBuildFile; fileRef = 1715023324C88486008AFA35 /* SceneDelegate.swift */; };
		1715023824C88487008AFA35 /* Assets.xcassets in Resources */ = {isa = PBXBuildFile; fileRef = 1715023724C88487008AFA35 /* Assets.xcassets */; };
		1715023B24C88487008AFA35 /* Preview Assets.xcassets in Resources */ = {isa = PBXBuildFile; fileRef = 1715023A24C88487008AFA35 /* Preview Assets.xcassets */; };
		1715023E24C88487008AFA35 /* LaunchScreen.storyboard in Resources */ = {isa = PBXBuildFile; fileRef = 1715023C24C88487008AFA35 /* LaunchScreen.storyboard */; };
		1715025B24C8907A008AFA35 /* AppState.swift in Sources */ = {isa = PBXBuildFile; fileRef = 1715025A24C8907A008AFA35 /* AppState.swift */; };
		1715025E24C8A2B4008AFA35 /* TabBarView.swift in Sources */ = {isa = PBXBuildFile; fileRef = 1715025D24C8A2B4008AFA35 /* TabBarView.swift */; };
		1736CFA824CF60E300F874B8 /* FallingWords2Tests.swift in Sources */ = {isa = PBXBuildFile; fileRef = 1736CFA724CF60E300F874B8 /* FallingWords2Tests.swift */; };
		17C9B8B224CF569700F48071 /* GameModuleTests.swift in Sources */ = {isa = PBXBuildFile; fileRef = 1714E24E24CF534900043308 /* GameModuleTests.swift */; };
		17D100CE24CF546700ED4FA4 /* ServiceKit.framework in Frameworks */ = {isa = PBXBuildFile; fileRef = 17D100C524CF546700ED4FA4 /* ServiceKit.framework */; };
		17D100D724CF546700ED4FA4 /* ServiceKit.h in Headers */ = {isa = PBXBuildFile; fileRef = 17D100C724CF546700ED4FA4 /* ServiceKit.h */; settings = {ATTRIBUTES = (Public, ); }; };
		17D100DA24CF546700ED4FA4 /* ServiceKit.framework in Frameworks */ = {isa = PBXBuildFile; fileRef = 17D100C524CF546700ED4FA4 /* ServiceKit.framework */; };
		17D100DB24CF546700ED4FA4 /* ServiceKit.framework in Embed Frameworks */ = {isa = PBXBuildFile; fileRef = 17D100C524CF546700ED4FA4 /* ServiceKit.framework */; settings = {ATTRIBUTES = (CodeSignOnCopy, RemoveHeadersOnCopy, ); }; };
		17D100E224CF547000ED4FA4 /* GameDataProvider.swift in Sources */ = {isa = PBXBuildFile; fileRef = 177B86B424C99EE5001DBC5C /* GameDataProvider.swift */; };
		17D100E324CF548F00ED4FA4 /* GameDataProviderTests.swift in Sources */ = {isa = PBXBuildFile; fileRef = 1715024824C88487008AFA35 /* GameDataProviderTests.swift */; };
		17D100E424CF54DE00ED4FA4 /* Common.framework in Frameworks */ = {isa = PBXBuildFile; fileRef = 1714E1FC24CF436D00043308 /* Common.framework */; };
		17D100E524CF54DE00ED4FA4 /* Common.framework in Embed Frameworks */ = {isa = PBXBuildFile; fileRef = 1714E1FC24CF436D00043308 /* Common.framework */; settings = {ATTRIBUTES = (CodeSignOnCopy, RemoveHeadersOnCopy, ); }; };
		17D100E924CF55BC00ED4FA4 /* ServiceKit.framework in Frameworks */ = {isa = PBXBuildFile; fileRef = 17D100C524CF546700ED4FA4 /* ServiceKit.framework */; };
		17D100EA24CF55BC00ED4FA4 /* ServiceKit.framework in Embed Frameworks */ = {isa = PBXBuildFile; fileRef = 17D100C524CF546700ED4FA4 /* ServiceKit.framework */; settings = {ATTRIBUTES = (CodeSignOnCopy, RemoveHeadersOnCopy, ); }; };
		17F432F024F791B000C07EB7 /* DateFormatter.swift in Sources */ = {isa = PBXBuildFile; fileRef = 17F432EF24F791B000C07EB7 /* DateFormatter.swift */; };
/* End PBXBuildFile section */

/* Begin PBXContainerItemProxy section */
		1714E1D724CF413E00043308 /* PBXContainerItemProxy */ = {
			isa = PBXContainerItemProxy;
			containerPortal = 1715022624C88486008AFA35 /* Project object */;
			proxyType = 1;
			remoteGlobalIDString = 1714E1CC24CF413E00043308;
			remoteInfo = GameModule;
		};
		1714E1E024CF413E00043308 /* PBXContainerItemProxy */ = {
			isa = PBXContainerItemProxy;
			containerPortal = 1715022624C88486008AFA35 /* Project object */;
			proxyType = 1;
			remoteGlobalIDString = 1714E1CC24CF413E00043308;
			remoteInfo = GameModule;
		};
		1714E20124CF436D00043308 /* PBXContainerItemProxy */ = {
			isa = PBXContainerItemProxy;
			containerPortal = 1715022624C88486008AFA35 /* Project object */;
			proxyType = 1;
			remoteGlobalIDString = 1714E1FB24CF436D00043308;
			remoteInfo = Common;
		};
		1714E20C24CF43C900043308 /* PBXContainerItemProxy */ = {
			isa = PBXContainerItemProxy;
			containerPortal = 1715022624C88486008AFA35 /* Project object */;
			proxyType = 1;
			remoteGlobalIDString = 1714E1FB24CF436D00043308;
			remoteInfo = Common;
		};
		1714E21124CF45C500043308 /* PBXContainerItemProxy */ = {
			isa = PBXContainerItemProxy;
			containerPortal = 1715022624C88486008AFA35 /* Project object */;
			proxyType = 1;
			remoteGlobalIDString = 1714E1FB24CF436D00043308;
			remoteInfo = Common;
		};
		1714E22624CF487F00043308 /* PBXContainerItemProxy */ = {
			isa = PBXContainerItemProxy;
			containerPortal = 1715022624C88486008AFA35 /* Project object */;
			proxyType = 1;
			remoteGlobalIDString = 1714E21B24CF487F00043308;
			remoteInfo = ScoreHistoryModule;
		};
		1714E22F24CF487F00043308 /* PBXContainerItemProxy */ = {
			isa = PBXContainerItemProxy;
			containerPortal = 1715022624C88486008AFA35 /* Project object */;
			proxyType = 1;
			remoteGlobalIDString = 1714E21B24CF487F00043308;
			remoteInfo = ScoreHistoryModule;
		};
		1714E24024CF498600043308 /* PBXContainerItemProxy */ = {
			isa = PBXContainerItemProxy;
			containerPortal = 1715022624C88486008AFA35 /* Project object */;
			proxyType = 1;
			remoteGlobalIDString = 1714E1FB24CF436D00043308;
			remoteInfo = Common;
		};
		1715024524C88487008AFA35 /* PBXContainerItemProxy */ = {
			isa = PBXContainerItemProxy;
			containerPortal = 1715022624C88486008AFA35 /* Project object */;
			proxyType = 1;
			remoteGlobalIDString = 1715022D24C88486008AFA35;
			remoteInfo = FallingWords2;
		};
		17D100CF24CF546700ED4FA4 /* PBXContainerItemProxy */ = {
			isa = PBXContainerItemProxy;
			containerPortal = 1715022624C88486008AFA35 /* Project object */;
			proxyType = 1;
			remoteGlobalIDString = 17D100C424CF546700ED4FA4;
			remoteInfo = ServiceKit;
		};
		17D100D824CF546700ED4FA4 /* PBXContainerItemProxy */ = {
			isa = PBXContainerItemProxy;
			containerPortal = 1715022624C88486008AFA35 /* Project object */;
			proxyType = 1;
			remoteGlobalIDString = 17D100C424CF546700ED4FA4;
			remoteInfo = ServiceKit;
		};
		17D100E624CF54DE00ED4FA4 /* PBXContainerItemProxy */ = {
			isa = PBXContainerItemProxy;
			containerPortal = 1715022624C88486008AFA35 /* Project object */;
			proxyType = 1;
			remoteGlobalIDString = 1714E1FB24CF436D00043308;
			remoteInfo = Common;
		};
		17D100EB24CF55BC00ED4FA4 /* PBXContainerItemProxy */ = {
			isa = PBXContainerItemProxy;
			containerPortal = 1715022624C88486008AFA35 /* Project object */;
			proxyType = 1;
			remoteGlobalIDString = 17D100C424CF546700ED4FA4;
			remoteInfo = ServiceKit;
		};
/* End PBXContainerItemProxy section */

/* Begin PBXCopyFilesBuildPhase section */
		1714E1E424CF413E00043308 /* Embed Frameworks */ = {
			isa = PBXCopyFilesBuildPhase;
			buildActionMask = 2147483647;
			dstPath = "";
			dstSubfolderSpec = 10;
			files = (
				1714E1E324CF413E00043308 /* GameModule.framework in Embed Frameworks */,
				1714E23224CF487F00043308 /* ScoreHistoryModule.framework in Embed Frameworks */,
				1714E20424CF436D00043308 /* Common.framework in Embed Frameworks */,
				17D100DB24CF546700ED4FA4 /* ServiceKit.framework in Embed Frameworks */,
			);
			name = "Embed Frameworks";
			runOnlyForDeploymentPostprocessing = 0;
		};
		1714E20E24CF43C900043308 /* Embed Frameworks */ = {
			isa = PBXCopyFilesBuildPhase;
			buildActionMask = 2147483647;
			dstPath = "";
			dstSubfolderSpec = 10;
			files = (
				1714E20B24CF43C900043308 /* Common.framework in Embed Frameworks */,
				17D100EA24CF55BC00ED4FA4 /* ServiceKit.framework in Embed Frameworks */,
			);
			name = "Embed Frameworks";
			runOnlyForDeploymentPostprocessing = 0;
		};
		1714E24224CF498600043308 /* Embed Frameworks */ = {
			isa = PBXCopyFilesBuildPhase;
			buildActionMask = 2147483647;
			dstPath = "";
			dstSubfolderSpec = 10;
			files = (
				1714E23F24CF498600043308 /* Common.framework in Embed Frameworks */,
			);
			name = "Embed Frameworks";
			runOnlyForDeploymentPostprocessing = 0;
		};
		17D100E824CF54DE00ED4FA4 /* Embed Frameworks */ = {
			isa = PBXCopyFilesBuildPhase;
			buildActionMask = 2147483647;
			dstPath = "";
			dstSubfolderSpec = 10;
			files = (
				17D100E524CF54DE00ED4FA4 /* Common.framework in Embed Frameworks */,
			);
			name = "Embed Frameworks";
			runOnlyForDeploymentPostprocessing = 0;
		};
/* End PBXCopyFilesBuildPhase section */

/* Begin PBXFileReference section */
		1703067E24D03B9F00E881C9 /* UUID+.swift */ = {isa = PBXFileReference; lastKnownFileType = sourcecode.swift; path = "UUID+.swift"; sourceTree = "<group>"; };
		1714E1CD24CF413E00043308 /* GameModule.framework */ = {isa = PBXFileReference; explicitFileType = wrapper.framework; includeInIndex = 0; path = GameModule.framework; sourceTree = BUILT_PRODUCTS_DIR; };
		1714E1CF24CF413E00043308 /* GameModule.h */ = {isa = PBXFileReference; lastKnownFileType = sourcecode.c.h; path = GameModule.h; sourceTree = "<group>"; };
		1714E1D024CF413E00043308 /* Info.plist */ = {isa = PBXFileReference; lastKnownFileType = text.plist.xml; path = Info.plist; sourceTree = "<group>"; };
		1714E1D524CF413E00043308 /* GameModuleTests.xctest */ = {isa = PBXFileReference; explicitFileType = wrapper.cfbundle; includeInIndex = 0; path = GameModuleTests.xctest; sourceTree = BUILT_PRODUCTS_DIR; };
		1714E1DE24CF413E00043308 /* Info.plist */ = {isa = PBXFileReference; lastKnownFileType = text.plist.xml; path = Info.plist; sourceTree = "<group>"; };
		1714E1F024CF41E700043308 /* ModuleState.swift */ = {isa = PBXFileReference; lastKnownFileType = sourcecode.swift; path = ModuleState.swift; sourceTree = "<group>"; };
		1714E1FC24CF436D00043308 /* Common.framework */ = {isa = PBXFileReference; explicitFileType = wrapper.framework; includeInIndex = 0; path = Common.framework; sourceTree = BUILT_PRODUCTS_DIR; };
		1714E1FE24CF436D00043308 /* Common.h */ = {isa = PBXFileReference; lastKnownFileType = sourcecode.c.h; path = Common.h; sourceTree = "<group>"; };
		1714E1FF24CF436D00043308 /* Info.plist */ = {isa = PBXFileReference; lastKnownFileType = text.plist.xml; path = Info.plist; sourceTree = "<group>"; };
		1714E21C24CF487F00043308 /* ScoreHistoryModule.framework */ = {isa = PBXFileReference; explicitFileType = wrapper.framework; includeInIndex = 0; path = ScoreHistoryModule.framework; sourceTree = BUILT_PRODUCTS_DIR; };
		1714E21E24CF487F00043308 /* ScoreHistoryModule.h */ = {isa = PBXFileReference; lastKnownFileType = sourcecode.c.h; path = ScoreHistoryModule.h; sourceTree = "<group>"; };
		1714E21F24CF487F00043308 /* Info.plist */ = {isa = PBXFileReference; lastKnownFileType = text.plist.xml; path = Info.plist; sourceTree = "<group>"; };
		1714E22424CF487F00043308 /* ScoreHistoryModuleTests.xctest */ = {isa = PBXFileReference; explicitFileType = wrapper.cfbundle; includeInIndex = 0; path = ScoreHistoryModuleTests.xctest; sourceTree = BUILT_PRODUCTS_DIR; };
		1714E22B24CF487F00043308 /* ScoreHistoryModuleTests.swift */ = {isa = PBXFileReference; lastKnownFileType = sourcecode.swift; path = ScoreHistoryModuleTests.swift; sourceTree = "<group>"; };
		1714E22D24CF487F00043308 /* Info.plist */ = {isa = PBXFileReference; lastKnownFileType = text.plist.xml; path = Info.plist; sourceTree = "<group>"; };
		1714E23A24CF48B900043308 /* ModuleState.swift */ = {isa = PBXFileReference; lastKnownFileType = sourcecode.swift; path = ModuleState.swift; sourceTree = "<group>"; };
		1714E24B24CF4BA000043308 /* Environment.swift */ = {isa = PBXFileReference; lastKnownFileType = sourcecode.swift; path = Environment.swift; sourceTree = "<group>"; };
		1714E24E24CF534900043308 /* GameModuleTests.swift */ = {isa = PBXFileReference; lastKnownFileType = sourcecode.swift; path = GameModuleTests.swift; sourceTree = "<group>"; };
		1715022E24C88486008AFA35 /* FallingWords2.app */ = {isa = PBXFileReference; explicitFileType = wrapper.application; includeInIndex = 0; path = FallingWords2.app; sourceTree = BUILT_PRODUCTS_DIR; };
		1715023124C88486008AFA35 /* AppDelegate.swift */ = {isa = PBXFileReference; lastKnownFileType = sourcecode.swift; path = AppDelegate.swift; sourceTree = "<group>"; };
		1715023324C88486008AFA35 /* SceneDelegate.swift */ = {isa = PBXFileReference; lastKnownFileType = sourcecode.swift; path = SceneDelegate.swift; sourceTree = "<group>"; };
		1715023524C88486008AFA35 /* GameView.swift */ = {isa = PBXFileReference; lastKnownFileType = sourcecode.swift; path = GameView.swift; sourceTree = "<group>"; };
		1715023724C88487008AFA35 /* Assets.xcassets */ = {isa = PBXFileReference; lastKnownFileType = folder.assetcatalog; path = Assets.xcassets; sourceTree = "<group>"; };
		1715023A24C88487008AFA35 /* Preview Assets.xcassets */ = {isa = PBXFileReference; lastKnownFileType = folder.assetcatalog; path = "Preview Assets.xcassets"; sourceTree = "<group>"; };
		1715023D24C88487008AFA35 /* Base */ = {isa = PBXFileReference; lastKnownFileType = file.storyboard; name = Base; path = Base.lproj/LaunchScreen.storyboard; sourceTree = "<group>"; };
		1715023F24C88487008AFA35 /* Info.plist */ = {isa = PBXFileReference; lastKnownFileType = text.plist.xml; path = Info.plist; sourceTree = "<group>"; };
		1715024424C88487008AFA35 /* FallingWords2Tests.xctest */ = {isa = PBXFileReference; explicitFileType = wrapper.cfbundle; includeInIndex = 0; path = FallingWords2Tests.xctest; sourceTree = BUILT_PRODUCTS_DIR; };
		1715024824C88487008AFA35 /* GameDataProviderTests.swift */ = {isa = PBXFileReference; lastKnownFileType = sourcecode.swift; path = GameDataProviderTests.swift; sourceTree = "<group>"; };
		1715024A24C88487008AFA35 /* Info.plist */ = {isa = PBXFileReference; lastKnownFileType = text.plist.xml; path = Info.plist; sourceTree = "<group>"; };
		1715025624C886BC008AFA35 /* GameData.swift */ = {isa = PBXFileReference; lastKnownFileType = sourcecode.swift; path = GameData.swift; sourceTree = "<group>"; };
		1715025824C88E34008AFA35 /* GameResults.swift */ = {isa = PBXFileReference; lastKnownFileType = sourcecode.swift; path = GameResults.swift; sourceTree = "<group>"; };
		1715025A24C8907A008AFA35 /* AppState.swift */ = {isa = PBXFileReference; lastKnownFileType = sourcecode.swift; path = AppState.swift; sourceTree = "<group>"; };
		1715025D24C8A2B4008AFA35 /* TabBarView.swift */ = {isa = PBXFileReference; lastKnownFileType = sourcecode.swift; path = TabBarView.swift; sourceTree = "<group>"; };
		1715026124C8A709008AFA35 /* GameStartView.swift */ = {isa = PBXFileReference; lastKnownFileType = sourcecode.swift; path = GameStartView.swift; sourceTree = "<group>"; };
		1736CFA724CF60E300F874B8 /* FallingWords2Tests.swift */ = {isa = PBXFileReference; lastKnownFileType = sourcecode.swift; path = FallingWords2Tests.swift; sourceTree = "<group>"; };
		1752428D24C9E18600798865 /* ScoreHistory.swift */ = {isa = PBXFileReference; lastKnownFileType = sourcecode.swift; path = ScoreHistory.swift; sourceTree = "<group>"; };
		1752428F24C9E34000798865 /* ScoreHistoryView.swift */ = {isa = PBXFileReference; lastKnownFileType = sourcecode.swift; path = ScoreHistoryView.swift; sourceTree = "<group>"; };
		177B86B424C99EE5001DBC5C /* GameDataProvider.swift */ = {isa = PBXFileReference; lastKnownFileType = sourcecode.swift; path = GameDataProvider.swift; sourceTree = "<group>"; };
		17A4980F24C9CCE40000B47E /* Environment.swift */ = {isa = PBXFileReference; lastKnownFileType = sourcecode.swift; path = Environment.swift; sourceTree = "<group>"; };
		17D100C524CF546700ED4FA4 /* ServiceKit.framework */ = {isa = PBXFileReference; explicitFileType = wrapper.framework; includeInIndex = 0; path = ServiceKit.framework; sourceTree = BUILT_PRODUCTS_DIR; };
		17D100C724CF546700ED4FA4 /* ServiceKit.h */ = {isa = PBXFileReference; lastKnownFileType = sourcecode.c.h; path = ServiceKit.h; sourceTree = "<group>"; };
		17D100C824CF546700ED4FA4 /* Info.plist */ = {isa = PBXFileReference; lastKnownFileType = text.plist.xml; path = Info.plist; sourceTree = "<group>"; };
		17D100CD24CF546700ED4FA4 /* ServiceKitTests.xctest */ = {isa = PBXFileReference; explicitFileType = wrapper.cfbundle; includeInIndex = 0; path = ServiceKitTests.xctest; sourceTree = BUILT_PRODUCTS_DIR; };
		17D100D624CF546700ED4FA4 /* Info.plist */ = {isa = PBXFileReference; lastKnownFileType = text.plist.xml; path = Info.plist; sourceTree = "<group>"; };
		17F432EF24F791B000C07EB7 /* DateFormatter.swift */ = {isa = PBXFileReference; lastKnownFileType = sourcecode.swift; path = DateFormatter.swift; sourceTree = "<group>"; };
/* End PBXFileReference section */

/* Begin PBXFrameworksBuildPhase section */
		1714E1CA24CF413E00043308 /* Frameworks */ = {
			isa = PBXFrameworksBuildPhase;
			buildActionMask = 2147483647;
			files = (
				1714E20A24CF43C900043308 /* Common.framework in Frameworks */,
				17D100E924CF55BC00ED4FA4 /* ServiceKit.framework in Frameworks */,
			);
			runOnlyForDeploymentPostprocessing = 0;
		};
		1714E1D224CF413E00043308 /* Frameworks */ = {
			isa = PBXFrameworksBuildPhase;
			buildActionMask = 2147483647;
			files = (
				1714E1D624CF413E00043308 /* GameModule.framework in Frameworks */,
			);
			runOnlyForDeploymentPostprocessing = 0;
		};
		1714E1F924CF436D00043308 /* Frameworks */ = {
			isa = PBXFrameworksBuildPhase;
			buildActionMask = 2147483647;
			files = (
				1714E24A24CF4B5D00043308 /* ComposableArchitecture in Frameworks */,
			);
			runOnlyForDeploymentPostprocessing = 0;
		};
		1714E21924CF487F00043308 /* Frameworks */ = {
			isa = PBXFrameworksBuildPhase;
			buildActionMask = 2147483647;
			files = (
				1714E23E24CF498600043308 /* Common.framework in Frameworks */,
			);
			runOnlyForDeploymentPostprocessing = 0;
		};
		1714E22124CF487F00043308 /* Frameworks */ = {
			isa = PBXFrameworksBuildPhase;
			buildActionMask = 2147483647;
			files = (
				1714E22524CF487F00043308 /* ScoreHistoryModule.framework in Frameworks */,
			);
			runOnlyForDeploymentPostprocessing = 0;
		};
		1715022B24C88486008AFA35 /* Frameworks */ = {
			isa = PBXFrameworksBuildPhase;
			buildActionMask = 2147483647;
			files = (
				1714E20324CF436D00043308 /* Common.framework in Frameworks */,
				1714E23124CF487F00043308 /* ScoreHistoryModule.framework in Frameworks */,
				1714E1E224CF413E00043308 /* GameModule.framework in Frameworks */,
				17D100DA24CF546700ED4FA4 /* ServiceKit.framework in Frameworks */,
			);
			runOnlyForDeploymentPostprocessing = 0;
		};
		1715024124C88487008AFA35 /* Frameworks */ = {
			isa = PBXFrameworksBuildPhase;
			buildActionMask = 2147483647;
			files = (
			);
			runOnlyForDeploymentPostprocessing = 0;
		};
		17D100C224CF546700ED4FA4 /* Frameworks */ = {
			isa = PBXFrameworksBuildPhase;
			buildActionMask = 2147483647;
			files = (
				17D100E424CF54DE00ED4FA4 /* Common.framework in Frameworks */,
			);
			runOnlyForDeploymentPostprocessing = 0;
		};
		17D100CA24CF546700ED4FA4 /* Frameworks */ = {
			isa = PBXFrameworksBuildPhase;
			buildActionMask = 2147483647;
			files = (
				17D100CE24CF546700ED4FA4 /* ServiceKit.framework in Frameworks */,
			);
			runOnlyForDeploymentPostprocessing = 0;
		};
/* End PBXFrameworksBuildPhase section */

/* Begin PBXGroup section */
		1714E1CE24CF413E00043308 /* GameModule */ = {
			isa = PBXGroup;
			children = (
				1714E1CF24CF413E00043308 /* GameModule.h */,
				1715026124C8A709008AFA35 /* GameStartView.swift */,
				17A4980F24C9CCE40000B47E /* Environment.swift */,
				1715023524C88486008AFA35 /* GameView.swift */,
				1714E1F024CF41E700043308 /* ModuleState.swift */,
				1714E1D024CF413E00043308 /* Info.plist */,
			);
			path = GameModule;
			sourceTree = "<group>";
		};
		1714E1DB24CF413E00043308 /* GameModuleTests */ = {
			isa = PBXGroup;
			children = (
				1714E1DE24CF413E00043308 /* Info.plist */,
				1714E24E24CF534900043308 /* GameModuleTests.swift */,
			);
			path = GameModuleTests;
			sourceTree = "<group>";
		};
		1714E1F424CF431B00043308 /* Frameworks */ = {
			isa = PBXGroup;
			children = (
			);
			name = Frameworks;
			sourceTree = "<group>";
		};
		1714E1FD24CF436D00043308 /* Common */ = {
			isa = PBXGroup;
			children = (
				1714E1FE24CF436D00043308 /* Common.h */,
				1752428D24C9E18600798865 /* ScoreHistory.swift */,
				1715025824C88E34008AFA35 /* GameResults.swift */,
				1715025624C886BC008AFA35 /* GameData.swift */,
				1703067E24D03B9F00E881C9 /* UUID+.swift */,
				1714E1FF24CF436D00043308 /* Info.plist */,
			);
			path = Common;
			sourceTree = "<group>";
		};
		1714E21D24CF487F00043308 /* ScoreHistoryModule */ = {
			isa = PBXGroup;
			children = (
				1714E21E24CF487F00043308 /* ScoreHistoryModule.h */,
				17F432EF24F791B000C07EB7 /* DateFormatter.swift */,
				1752428F24C9E34000798865 /* ScoreHistoryView.swift */,
				1714E23A24CF48B900043308 /* ModuleState.swift */,
				1714E21F24CF487F00043308 /* Info.plist */,
			);
			path = ScoreHistoryModule;
			sourceTree = "<group>";
		};
		1714E22A24CF487F00043308 /* ScoreHistoryModuleTests */ = {
			isa = PBXGroup;
			children = (
				1714E22B24CF487F00043308 /* ScoreHistoryModuleTests.swift */,
				1714E22D24CF487F00043308 /* Info.plist */,
			);
			path = ScoreHistoryModuleTests;
			sourceTree = "<group>";
		};
		1715022524C88486008AFA35 = {
			isa = PBXGroup;
			children = (
				1715023024C88486008AFA35 /* FallingWords2 */,
				1715024724C88487008AFA35 /* FallingWords2Tests */,
				1714E1CE24CF413E00043308 /* GameModule */,
				1714E1DB24CF413E00043308 /* GameModuleTests */,
				1714E1FD24CF436D00043308 /* Common */,
				1714E21D24CF487F00043308 /* ScoreHistoryModule */,
				1714E22A24CF487F00043308 /* ScoreHistoryModuleTests */,
				17D100C624CF546700ED4FA4 /* ServiceKit */,
				17D100D324CF546700ED4FA4 /* ServiceKitTests */,
				1715022F24C88486008AFA35 /* Products */,
				1714E1F424CF431B00043308 /* Frameworks */,
			);
			sourceTree = "<group>";
		};
		1715022F24C88486008AFA35 /* Products */ = {
			isa = PBXGroup;
			children = (
				1715022E24C88486008AFA35 /* FallingWords2.app */,
				1715024424C88487008AFA35 /* FallingWords2Tests.xctest */,
				1714E1CD24CF413E00043308 /* GameModule.framework */,
				1714E1D524CF413E00043308 /* GameModuleTests.xctest */,
				1714E1FC24CF436D00043308 /* Common.framework */,
				1714E21C24CF487F00043308 /* ScoreHistoryModule.framework */,
				1714E22424CF487F00043308 /* ScoreHistoryModuleTests.xctest */,
				17D100C524CF546700ED4FA4 /* ServiceKit.framework */,
				17D100CD24CF546700ED4FA4 /* ServiceKitTests.xctest */,
			);
			name = Products;
			sourceTree = "<group>";
		};
		1715023024C88486008AFA35 /* FallingWords2 */ = {
			isa = PBXGroup;
			children = (
				1715023124C88486008AFA35 /* AppDelegate.swift */,
				1715025D24C8A2B4008AFA35 /* TabBarView.swift */,
				1715023324C88486008AFA35 /* SceneDelegate.swift */,
				1714E24B24CF4BA000043308 /* Environment.swift */,
				1715025A24C8907A008AFA35 /* AppState.swift */,
				1715023724C88487008AFA35 /* Assets.xcassets */,
				1715023C24C88487008AFA35 /* LaunchScreen.storyboard */,
				1715023F24C88487008AFA35 /* Info.plist */,
				1715023924C88487008AFA35 /* Preview Content */,
			);
			path = FallingWords2;
			sourceTree = "<group>";
		};
		1715023924C88487008AFA35 /* Preview Content */ = {
			isa = PBXGroup;
			children = (
				1715023A24C88487008AFA35 /* Preview Assets.xcassets */,
			);
			path = "Preview Content";
			sourceTree = "<group>";
		};
		1715024724C88487008AFA35 /* FallingWords2Tests */ = {
			isa = PBXGroup;
			children = (
				1715024A24C88487008AFA35 /* Info.plist */,
				1736CFA724CF60E300F874B8 /* FallingWords2Tests.swift */,
			);
			path = FallingWords2Tests;
			sourceTree = "<group>";
		};
		17D100C624CF546700ED4FA4 /* ServiceKit */ = {
			isa = PBXGroup;
			children = (
				17D100C724CF546700ED4FA4 /* ServiceKit.h */,
				177B86B424C99EE5001DBC5C /* GameDataProvider.swift */,
				17D100C824CF546700ED4FA4 /* Info.plist */,
			);
			path = ServiceKit;
			sourceTree = "<group>";
		};
		17D100D324CF546700ED4FA4 /* ServiceKitTests */ = {
			isa = PBXGroup;
			children = (
				1715024824C88487008AFA35 /* GameDataProviderTests.swift */,
				17D100D624CF546700ED4FA4 /* Info.plist */,
			);
			path = ServiceKitTests;
			sourceTree = "<group>";
		};
/* End PBXGroup section */

/* Begin PBXHeadersBuildPhase section */
		1714E1C824CF413E00043308 /* Headers */ = {
			isa = PBXHeadersBuildPhase;
			buildActionMask = 2147483647;
			files = (
				1714E1DF24CF413E00043308 /* GameModule.h in Headers */,
			);
			runOnlyForDeploymentPostprocessing = 0;
		};
		1714E1F724CF436D00043308 /* Headers */ = {
			isa = PBXHeadersBuildPhase;
			buildActionMask = 2147483647;
			files = (
				1714E20024CF436D00043308 /* Common.h in Headers */,
			);
			runOnlyForDeploymentPostprocessing = 0;
		};
		1714E21724CF487F00043308 /* Headers */ = {
			isa = PBXHeadersBuildPhase;
			buildActionMask = 2147483647;
			files = (
				1714E22E24CF487F00043308 /* ScoreHistoryModule.h in Headers */,
			);
			runOnlyForDeploymentPostprocessing = 0;
		};
		17D100C024CF546700ED4FA4 /* Headers */ = {
			isa = PBXHeadersBuildPhase;
			buildActionMask = 2147483647;
			files = (
				17D100D724CF546700ED4FA4 /* ServiceKit.h in Headers */,
			);
			runOnlyForDeploymentPostprocessing = 0;
		};
/* End PBXHeadersBuildPhase section */

/* Begin PBXNativeTarget section */
		1714E1CC24CF413E00043308 /* GameModule */ = {
			isa = PBXNativeTarget;
			buildConfigurationList = 1714E1E924CF413E00043308 /* Build configuration list for PBXNativeTarget "GameModule" */;
			buildPhases = (
				1714E1C824CF413E00043308 /* Headers */,
				1714E1C924CF413E00043308 /* Sources */,
				1714E1CA24CF413E00043308 /* Frameworks */,
				1714E1CB24CF413E00043308 /* Resources */,
				1714E20E24CF43C900043308 /* Embed Frameworks */,
			);
			buildRules = (
			);
			dependencies = (
				1714E20D24CF43C900043308 /* PBXTargetDependency */,
				17D100EC24CF55BC00ED4FA4 /* PBXTargetDependency */,
			);
			name = GameModule;
			packageProductDependencies = (
			);
			productName = GameModule;
			productReference = 1714E1CD24CF413E00043308 /* GameModule.framework */;
			productType = "com.apple.product-type.framework";
		};
		1714E1D424CF413E00043308 /* GameModuleTests */ = {
			isa = PBXNativeTarget;
			buildConfigurationList = 1714E1EA24CF413E00043308 /* Build configuration list for PBXNativeTarget "GameModuleTests" */;
			buildPhases = (
				1714E1D124CF413E00043308 /* Sources */,
				1714E1D224CF413E00043308 /* Frameworks */,
				1714E1D324CF413E00043308 /* Resources */,
			);
			buildRules = (
			);
			dependencies = (
				1714E21224CF45C500043308 /* PBXTargetDependency */,
				1714E1D824CF413E00043308 /* PBXTargetDependency */,
			);
			name = GameModuleTests;
			productName = GameModuleTests;
			productReference = 1714E1D524CF413E00043308 /* GameModuleTests.xctest */;
			productType = "com.apple.product-type.bundle.unit-test";
		};
		1714E1FB24CF436D00043308 /* Common */ = {
			isa = PBXNativeTarget;
			buildConfigurationList = 1714E20524CF436D00043308 /* Build configuration list for PBXNativeTarget "Common" */;
			buildPhases = (
				1714E1F724CF436D00043308 /* Headers */,
				1714E1F824CF436D00043308 /* Sources */,
				1714E1F924CF436D00043308 /* Frameworks */,
				1714E1FA24CF436D00043308 /* Resources */,
			);
			buildRules = (
			);
			dependencies = (
			);
			name = Common;
			packageProductDependencies = (
				1714E24924CF4B5D00043308 /* ComposableArchitecture */,
			);
			productName = Common;
			productReference = 1714E1FC24CF436D00043308 /* Common.framework */;
			productType = "com.apple.product-type.framework";
		};
		1714E21B24CF487F00043308 /* ScoreHistoryModule */ = {
			isa = PBXNativeTarget;
			buildConfigurationList = 1714E23324CF487F00043308 /* Build configuration list for PBXNativeTarget "ScoreHistoryModule" */;
			buildPhases = (
				1714E21724CF487F00043308 /* Headers */,
				1714E21824CF487F00043308 /* Sources */,
				1714E21924CF487F00043308 /* Frameworks */,
				1714E21A24CF487F00043308 /* Resources */,
				1714E24224CF498600043308 /* Embed Frameworks */,
			);
			buildRules = (
			);
			dependencies = (
				1714E24124CF498600043308 /* PBXTargetDependency */,
			);
			name = ScoreHistoryModule;
			packageProductDependencies = (
			);
			productName = ScoreHistoryModule;
			productReference = 1714E21C24CF487F00043308 /* ScoreHistoryModule.framework */;
			productType = "com.apple.product-type.framework";
		};
		1714E22324CF487F00043308 /* ScoreHistoryModuleTests */ = {
			isa = PBXNativeTarget;
			buildConfigurationList = 1714E23624CF487F00043308 /* Build configuration list for PBXNativeTarget "ScoreHistoryModuleTests" */;
			buildPhases = (
				1714E22024CF487F00043308 /* Sources */,
				1714E22124CF487F00043308 /* Frameworks */,
				1714E22224CF487F00043308 /* Resources */,
			);
			buildRules = (
			);
			dependencies = (
				1714E22724CF487F00043308 /* PBXTargetDependency */,
			);
			name = ScoreHistoryModuleTests;
			productName = ScoreHistoryModuleTests;
			productReference = 1714E22424CF487F00043308 /* ScoreHistoryModuleTests.xctest */;
			productType = "com.apple.product-type.bundle.unit-test";
		};
		1715022D24C88486008AFA35 /* FallingWords2 */ = {
			isa = PBXNativeTarget;
			buildConfigurationList = 1715024D24C88487008AFA35 /* Build configuration list for PBXNativeTarget "FallingWords2" */;
			buildPhases = (
				1715022A24C88486008AFA35 /* Sources */,
				1715022B24C88486008AFA35 /* Frameworks */,
				1715022C24C88486008AFA35 /* Resources */,
				1714E1E424CF413E00043308 /* Embed Frameworks */,
			);
			buildRules = (
			);
			dependencies = (
				1714E1E124CF413E00043308 /* PBXTargetDependency */,
				1714E20224CF436D00043308 /* PBXTargetDependency */,
				1714E23024CF487F00043308 /* PBXTargetDependency */,
				17D100D924CF546700ED4FA4 /* PBXTargetDependency */,
			);
			name = FallingWords2;
			packageProductDependencies = (
			);
			productName = FallingWords2;
			productReference = 1715022E24C88486008AFA35 /* FallingWords2.app */;
			productType = "com.apple.product-type.application";
		};
		1715024324C88487008AFA35 /* FallingWords2Tests */ = {
			isa = PBXNativeTarget;
			buildConfigurationList = 1715025024C88487008AFA35 /* Build configuration list for PBXNativeTarget "FallingWords2Tests" */;
			buildPhases = (
				1715024024C88487008AFA35 /* Sources */,
				1715024124C88487008AFA35 /* Frameworks */,
				1715024224C88487008AFA35 /* Resources */,
			);
			buildRules = (
			);
			dependencies = (
				1715024624C88487008AFA35 /* PBXTargetDependency */,
			);
			name = FallingWords2Tests;
			productName = FallingWords2Tests;
			productReference = 1715024424C88487008AFA35 /* FallingWords2Tests.xctest */;
			productType = "com.apple.product-type.bundle.unit-test";
		};
		17D100C424CF546700ED4FA4 /* ServiceKit */ = {
			isa = PBXNativeTarget;
			buildConfigurationList = 17D100E024CF546700ED4FA4 /* Build configuration list for PBXNativeTarget "ServiceKit" */;
			buildPhases = (
				17D100C024CF546700ED4FA4 /* Headers */,
				17D100C124CF546700ED4FA4 /* Sources */,
				17D100C224CF546700ED4FA4 /* Frameworks */,
				17D100C324CF546700ED4FA4 /* Resources */,
				17D100E824CF54DE00ED4FA4 /* Embed Frameworks */,
			);
			buildRules = (
			);
			dependencies = (
				17D100E724CF54DE00ED4FA4 /* PBXTargetDependency */,
			);
			name = ServiceKit;
			productName = ServiceKit;
			productReference = 17D100C524CF546700ED4FA4 /* ServiceKit.framework */;
			productType = "com.apple.product-type.framework";
		};
		17D100CC24CF546700ED4FA4 /* ServiceKitTests */ = {
			isa = PBXNativeTarget;
			buildConfigurationList = 17D100E124CF546700ED4FA4 /* Build configuration list for PBXNativeTarget "ServiceKitTests" */;
			buildPhases = (
				17D100C924CF546700ED4FA4 /* Sources */,
				17D100CA24CF546700ED4FA4 /* Frameworks */,
				17D100CB24CF546700ED4FA4 /* Resources */,
			);
			buildRules = (
			);
			dependencies = (
				17D100D024CF546700ED4FA4 /* PBXTargetDependency */,
			);
			name = ServiceKitTests;
			productName = ServiceKitTests;
			productReference = 17D100CD24CF546700ED4FA4 /* ServiceKitTests.xctest */;
			productType = "com.apple.product-type.bundle.unit-test";
		};
/* End PBXNativeTarget section */

/* Begin PBXProject section */
		1715022624C88486008AFA35 /* Project object */ = {
			isa = PBXProject;
			attributes = {
				LastSwiftUpdateCheck = 1160;
				LastUpgradeCheck = 1160;
				ORGANIZATIONNAME = "Alex Shubin";
				TargetAttributes = {
					1714E1CC24CF413E00043308 = {
						CreatedOnToolsVersion = 11.6;
					};
					1714E1D424CF413E00043308 = {
						CreatedOnToolsVersion = 11.6;
					};
					1714E1FB24CF436D00043308 = {
						CreatedOnToolsVersion = 11.6;
					};
					1714E21B24CF487F00043308 = {
						CreatedOnToolsVersion = 11.6;
					};
					1714E22324CF487F00043308 = {
						CreatedOnToolsVersion = 11.6;
					};
					1715022D24C88486008AFA35 = {
						CreatedOnToolsVersion = 11.6;
					};
					1715024324C88487008AFA35 = {
						CreatedOnToolsVersion = 11.6;
						LastSwiftMigration = 1160;
						TestTargetID = 1715022D24C88486008AFA35;
					};
					17D100C424CF546700ED4FA4 = {
						CreatedOnToolsVersion = 11.6;
					};
					17D100CC24CF546700ED4FA4 = {
						CreatedOnToolsVersion = 11.6;
					};
				};
			};
			buildConfigurationList = 1715022924C88486008AFA35 /* Build configuration list for PBXProject "FallingWords2" */;
			compatibilityVersion = "Xcode 9.3";
			developmentRegion = en;
			hasScannedForEncodings = 0;
			knownRegions = (
				en,
				Base,
			);
			mainGroup = 1715022524C88486008AFA35;
			packageReferences = (
				17BD1BDC24CF0F950079B186 /* XCRemoteSwiftPackageReference "swift-composable-architecture" */,
			);
			productRefGroup = 1715022F24C88486008AFA35 /* Products */;
			projectDirPath = "";
			projectRoot = "";
			targets = (
				1715022D24C88486008AFA35 /* FallingWords2 */,
				1715024324C88487008AFA35 /* FallingWords2Tests */,
				1714E1CC24CF413E00043308 /* GameModule */,
				1714E1D424CF413E00043308 /* GameModuleTests */,
				1714E1FB24CF436D00043308 /* Common */,
				1714E21B24CF487F00043308 /* ScoreHistoryModule */,
				1714E22324CF487F00043308 /* ScoreHistoryModuleTests */,
				17D100C424CF546700ED4FA4 /* ServiceKit */,
				17D100CC24CF546700ED4FA4 /* ServiceKitTests */,
			);
		};
/* End PBXProject section */

/* Begin PBXResourcesBuildPhase section */
		1714E1CB24CF413E00043308 /* Resources */ = {
			isa = PBXResourcesBuildPhase;
			buildActionMask = 2147483647;
			files = (
			);
			runOnlyForDeploymentPostprocessing = 0;
		};
		1714E1D324CF413E00043308 /* Resources */ = {
			isa = PBXResourcesBuildPhase;
			buildActionMask = 2147483647;
			files = (
			);
			runOnlyForDeploymentPostprocessing = 0;
		};
		1714E1FA24CF436D00043308 /* Resources */ = {
			isa = PBXResourcesBuildPhase;
			buildActionMask = 2147483647;
			files = (
			);
			runOnlyForDeploymentPostprocessing = 0;
		};
		1714E21A24CF487F00043308 /* Resources */ = {
			isa = PBXResourcesBuildPhase;
			buildActionMask = 2147483647;
			files = (
			);
			runOnlyForDeploymentPostprocessing = 0;
		};
		1714E22224CF487F00043308 /* Resources */ = {
			isa = PBXResourcesBuildPhase;
			buildActionMask = 2147483647;
			files = (
			);
			runOnlyForDeploymentPostprocessing = 0;
		};
		1715022C24C88486008AFA35 /* Resources */ = {
			isa = PBXResourcesBuildPhase;
			buildActionMask = 2147483647;
			files = (
				1715023E24C88487008AFA35 /* LaunchScreen.storyboard in Resources */,
				1715023B24C88487008AFA35 /* Preview Assets.xcassets in Resources */,
				1715023824C88487008AFA35 /* Assets.xcassets in Resources */,
			);
			runOnlyForDeploymentPostprocessing = 0;
		};
		1715024224C88487008AFA35 /* Resources */ = {
			isa = PBXResourcesBuildPhase;
			buildActionMask = 2147483647;
			files = (
			);
			runOnlyForDeploymentPostprocessing = 0;
		};
		17D100C324CF546700ED4FA4 /* Resources */ = {
			isa = PBXResourcesBuildPhase;
			buildActionMask = 2147483647;
			files = (
			);
			runOnlyForDeploymentPostprocessing = 0;
		};
		17D100CB24CF546700ED4FA4 /* Resources */ = {
			isa = PBXResourcesBuildPhase;
			buildActionMask = 2147483647;
			files = (
			);
			runOnlyForDeploymentPostprocessing = 0;
		};
/* End PBXResourcesBuildPhase section */

/* Begin PBXSourcesBuildPhase section */
		1714E1C924CF413E00043308 /* Sources */ = {
			isa = PBXSourcesBuildPhase;
			buildActionMask = 2147483647;
			files = (
				1714E1EC24CF415700043308 /* GameView.swift in Sources */,
				1714E1F324CF42DA00043308 /* Environment.swift in Sources */,
				1714E1EB24CF415200043308 /* GameStartView.swift in Sources */,
				1714E1F124CF41E700043308 /* ModuleState.swift in Sources */,
			);
			runOnlyForDeploymentPostprocessing = 0;
		};
		1714E1D124CF413E00043308 /* Sources */ = {
			isa = PBXSourcesBuildPhase;
			buildActionMask = 2147483647;
			files = (
				17C9B8B224CF569700F48071 /* GameModuleTests.swift in Sources */,
			);
			runOnlyForDeploymentPostprocessing = 0;
		};
		1714E1F824CF436D00043308 /* Sources */ = {
			isa = PBXSourcesBuildPhase;
			buildActionMask = 2147483647;
			files = (
				1703067F24D03B9F00E881C9 /* UUID+.swift in Sources */,
				1714E20F24CF43FA00043308 /* GameResults.swift in Sources */,
				1714E20824CF437E00043308 /* ScoreHistory.swift in Sources */,
				1714E20924CF439000043308 /* GameData.swift in Sources */,
			);
			runOnlyForDeploymentPostprocessing = 0;
		};
		1714E21824CF487F00043308 /* Sources */ = {
			isa = PBXSourcesBuildPhase;
			buildActionMask = 2147483647;
			files = (
				1714E23924CF48AD00043308 /* ScoreHistoryView.swift in Sources */,
				17F432F024F791B000C07EB7 /* DateFormatter.swift in Sources */,
				1714E23B24CF48B900043308 /* ModuleState.swift in Sources */,
			);
			runOnlyForDeploymentPostprocessing = 0;
		};
		1714E22024CF487F00043308 /* Sources */ = {
			isa = PBXSourcesBuildPhase;
			buildActionMask = 2147483647;
			files = (
				1714E22C24CF487F00043308 /* ScoreHistoryModuleTests.swift in Sources */,
			);
			runOnlyForDeploymentPostprocessing = 0;
		};
		1715022A24C88486008AFA35 /* Sources */ = {
			isa = PBXSourcesBuildPhase;
			buildActionMask = 2147483647;
			files = (
				1715023224C88486008AFA35 /* AppDelegate.swift in Sources */,
				1715025E24C8A2B4008AFA35 /* TabBarView.swift in Sources */,
				1715023424C88486008AFA35 /* SceneDelegate.swift in Sources */,
				1715025B24C8907A008AFA35 /* AppState.swift in Sources */,
				1714E24C24CF4BA000043308 /* Environment.swift in Sources */,
			);
			runOnlyForDeploymentPostprocessing = 0;
		};
		1715024024C88487008AFA35 /* Sources */ = {
			isa = PBXSourcesBuildPhase;
			buildActionMask = 2147483647;
			files = (
				1736CFA824CF60E300F874B8 /* FallingWords2Tests.swift in Sources */,
			);
			runOnlyForDeploymentPostprocessing = 0;
		};
		17D100C124CF546700ED4FA4 /* Sources */ = {
			isa = PBXSourcesBuildPhase;
			buildActionMask = 2147483647;
			files = (
				17D100E224CF547000ED4FA4 /* GameDataProvider.swift in Sources */,
			);
			runOnlyForDeploymentPostprocessing = 0;
		};
		17D100C924CF546700ED4FA4 /* Sources */ = {
			isa = PBXSourcesBuildPhase;
			buildActionMask = 2147483647;
			files = (
				17D100E324CF548F00ED4FA4 /* GameDataProviderTests.swift in Sources */,
			);
			runOnlyForDeploymentPostprocessing = 0;
		};
/* End PBXSourcesBuildPhase section */

/* Begin PBXTargetDependency section */
		1714E1D824CF413E00043308 /* PBXTargetDependency */ = {
			isa = PBXTargetDependency;
			target = 1714E1CC24CF413E00043308 /* GameModule */;
			targetProxy = 1714E1D724CF413E00043308 /* PBXContainerItemProxy */;
		};
		1714E1E124CF413E00043308 /* PBXTargetDependency */ = {
			isa = PBXTargetDependency;
			target = 1714E1CC24CF413E00043308 /* GameModule */;
			targetProxy = 1714E1E024CF413E00043308 /* PBXContainerItemProxy */;
		};
		1714E20224CF436D00043308 /* PBXTargetDependency */ = {
			isa = PBXTargetDependency;
			target = 1714E1FB24CF436D00043308 /* Common */;
			targetProxy = 1714E20124CF436D00043308 /* PBXContainerItemProxy */;
		};
		1714E20D24CF43C900043308 /* PBXTargetDependency */ = {
			isa = PBXTargetDependency;
			target = 1714E1FB24CF436D00043308 /* Common */;
			targetProxy = 1714E20C24CF43C900043308 /* PBXContainerItemProxy */;
		};
		1714E21224CF45C500043308 /* PBXTargetDependency */ = {
			isa = PBXTargetDependency;
			target = 1714E1FB24CF436D00043308 /* Common */;
			targetProxy = 1714E21124CF45C500043308 /* PBXContainerItemProxy */;
		};
		1714E22724CF487F00043308 /* PBXTargetDependency */ = {
			isa = PBXTargetDependency;
			target = 1714E21B24CF487F00043308 /* ScoreHistoryModule */;
			targetProxy = 1714E22624CF487F00043308 /* PBXContainerItemProxy */;
		};
		1714E23024CF487F00043308 /* PBXTargetDependency */ = {
			isa = PBXTargetDependency;
			target = 1714E21B24CF487F00043308 /* ScoreHistoryModule */;
			targetProxy = 1714E22F24CF487F00043308 /* PBXContainerItemProxy */;
		};
		1714E24124CF498600043308 /* PBXTargetDependency */ = {
			isa = PBXTargetDependency;
			target = 1714E1FB24CF436D00043308 /* Common */;
			targetProxy = 1714E24024CF498600043308 /* PBXContainerItemProxy */;
		};
		1715024624C88487008AFA35 /* PBXTargetDependency */ = {
			isa = PBXTargetDependency;
			target = 1715022D24C88486008AFA35 /* FallingWords2 */;
			targetProxy = 1715024524C88487008AFA35 /* PBXContainerItemProxy */;
		};
		17D100D024CF546700ED4FA4 /* PBXTargetDependency */ = {
			isa = PBXTargetDependency;
			target = 17D100C424CF546700ED4FA4 /* ServiceKit */;
			targetProxy = 17D100CF24CF546700ED4FA4 /* PBXContainerItemProxy */;
		};
		17D100D924CF546700ED4FA4 /* PBXTargetDependency */ = {
			isa = PBXTargetDependency;
			target = 17D100C424CF546700ED4FA4 /* ServiceKit */;
			targetProxy = 17D100D824CF546700ED4FA4 /* PBXContainerItemProxy */;
		};
		17D100E724CF54DE00ED4FA4 /* PBXTargetDependency */ = {
			isa = PBXTargetDependency;
			target = 1714E1FB24CF436D00043308 /* Common */;
			targetProxy = 17D100E624CF54DE00ED4FA4 /* PBXContainerItemProxy */;
		};
		17D100EC24CF55BC00ED4FA4 /* PBXTargetDependency */ = {
			isa = PBXTargetDependency;
			target = 17D100C424CF546700ED4FA4 /* ServiceKit */;
			targetProxy = 17D100EB24CF55BC00ED4FA4 /* PBXContainerItemProxy */;
		};
/* End PBXTargetDependency section */

/* Begin PBXVariantGroup section */
		1715023C24C88487008AFA35 /* LaunchScreen.storyboard */ = {
			isa = PBXVariantGroup;
			children = (
				1715023D24C88487008AFA35 /* Base */,
			);
			name = LaunchScreen.storyboard;
			sourceTree = "<group>";
		};
/* End PBXVariantGroup section */

/* Begin XCBuildConfiguration section */
		1714E1E524CF413E00043308 /* Debug */ = {
			isa = XCBuildConfiguration;
			buildSettings = {
				CODE_SIGN_STYLE = Automatic;
				CURRENT_PROJECT_VERSION = 1;
				DEFINES_MODULE = YES;
				DYLIB_COMPATIBILITY_VERSION = 1;
				DYLIB_CURRENT_VERSION = 1;
				DYLIB_INSTALL_NAME_BASE = "@rpath";
				INFOPLIST_FILE = GameModule/Info.plist;
				INSTALL_PATH = "$(LOCAL_LIBRARY_DIR)/Frameworks";
				LD_RUNPATH_SEARCH_PATHS = (
					"$(inherited)",
					"@executable_path/Frameworks",
					"@loader_path/Frameworks",
				);
				PRODUCT_BUNDLE_IDENTIFIER = com.avs.GameModule;
				PRODUCT_NAME = "$(TARGET_NAME:c99extidentifier)";
				SKIP_INSTALL = YES;
				SWIFT_VERSION = 5.0;
				TARGETED_DEVICE_FAMILY = "1,2";
				VERSIONING_SYSTEM = "apple-generic";
				VERSION_INFO_PREFIX = "";
			};
			name = Debug;
		};
		1714E1E624CF413E00043308 /* Release */ = {
			isa = XCBuildConfiguration;
			buildSettings = {
				CODE_SIGN_STYLE = Automatic;
				CURRENT_PROJECT_VERSION = 1;
				DEFINES_MODULE = YES;
				DYLIB_COMPATIBILITY_VERSION = 1;
				DYLIB_CURRENT_VERSION = 1;
				DYLIB_INSTALL_NAME_BASE = "@rpath";
				INFOPLIST_FILE = GameModule/Info.plist;
				INSTALL_PATH = "$(LOCAL_LIBRARY_DIR)/Frameworks";
				LD_RUNPATH_SEARCH_PATHS = (
					"$(inherited)",
					"@executable_path/Frameworks",
					"@loader_path/Frameworks",
				);
				PRODUCT_BUNDLE_IDENTIFIER = com.avs.GameModule;
				PRODUCT_NAME = "$(TARGET_NAME:c99extidentifier)";
				SKIP_INSTALL = YES;
				SWIFT_VERSION = 5.0;
				TARGETED_DEVICE_FAMILY = "1,2";
				VERSIONING_SYSTEM = "apple-generic";
				VERSION_INFO_PREFIX = "";
			};
			name = Release;
		};
		1714E1E724CF413E00043308 /* Debug */ = {
			isa = XCBuildConfiguration;
			buildSettings = {
				ALWAYS_EMBED_SWIFT_STANDARD_LIBRARIES = YES;
				CODE_SIGN_STYLE = Automatic;
				INFOPLIST_FILE = GameModuleTests/Info.plist;
				LD_RUNPATH_SEARCH_PATHS = (
					"$(inherited)",
					"@executable_path/Frameworks",
					"@loader_path/Frameworks",
				);
				PRODUCT_BUNDLE_IDENTIFIER = com.avs.GameModuleTests;
				PRODUCT_NAME = "$(TARGET_NAME)";
				SWIFT_VERSION = 5.0;
				TARGETED_DEVICE_FAMILY = "1,2";
			};
			name = Debug;
		};
		1714E1E824CF413E00043308 /* Release */ = {
			isa = XCBuildConfiguration;
			buildSettings = {
				ALWAYS_EMBED_SWIFT_STANDARD_LIBRARIES = YES;
				CODE_SIGN_STYLE = Automatic;
				INFOPLIST_FILE = GameModuleTests/Info.plist;
				LD_RUNPATH_SEARCH_PATHS = (
					"$(inherited)",
					"@executable_path/Frameworks",
					"@loader_path/Frameworks",
				);
				PRODUCT_BUNDLE_IDENTIFIER = com.avs.GameModuleTests;
				PRODUCT_NAME = "$(TARGET_NAME)";
				SWIFT_VERSION = 5.0;
				TARGETED_DEVICE_FAMILY = "1,2";
			};
			name = Release;
		};
		1714E20624CF436D00043308 /* Debug */ = {
			isa = XCBuildConfiguration;
			buildSettings = {
				CODE_SIGN_STYLE = Automatic;
				CURRENT_PROJECT_VERSION = 1;
				DEFINES_MODULE = YES;
				DYLIB_COMPATIBILITY_VERSION = 1;
				DYLIB_CURRENT_VERSION = 1;
				DYLIB_INSTALL_NAME_BASE = "@rpath";
				INFOPLIST_FILE = Common/Info.plist;
				INSTALL_PATH = "$(LOCAL_LIBRARY_DIR)/Frameworks";
				LD_RUNPATH_SEARCH_PATHS = (
					"$(inherited)",
					"@executable_path/Frameworks",
					"@loader_path/Frameworks",
				);
				PRODUCT_BUNDLE_IDENTIFIER = com.avs.Common;
				PRODUCT_NAME = "$(TARGET_NAME:c99extidentifier)";
				SKIP_INSTALL = YES;
				SWIFT_VERSION = 5.0;
				TARGETED_DEVICE_FAMILY = "1,2";
				VERSIONING_SYSTEM = "apple-generic";
				VERSION_INFO_PREFIX = "";
			};
			name = Debug;
		};
		1714E20724CF436D00043308 /* Release */ = {
			isa = XCBuildConfiguration;
			buildSettings = {
				CODE_SIGN_STYLE = Automatic;
				CURRENT_PROJECT_VERSION = 1;
				DEFINES_MODULE = YES;
				DYLIB_COMPATIBILITY_VERSION = 1;
				DYLIB_CURRENT_VERSION = 1;
				DYLIB_INSTALL_NAME_BASE = "@rpath";
				INFOPLIST_FILE = Common/Info.plist;
				INSTALL_PATH = "$(LOCAL_LIBRARY_DIR)/Frameworks";
				LD_RUNPATH_SEARCH_PATHS = (
					"$(inherited)",
					"@executable_path/Frameworks",
					"@loader_path/Frameworks",
				);
				PRODUCT_BUNDLE_IDENTIFIER = com.avs.Common;
				PRODUCT_NAME = "$(TARGET_NAME:c99extidentifier)";
				SKIP_INSTALL = YES;
				SWIFT_VERSION = 5.0;
				TARGETED_DEVICE_FAMILY = "1,2";
				VERSIONING_SYSTEM = "apple-generic";
				VERSION_INFO_PREFIX = "";
			};
			name = Release;
		};
		1714E23424CF487F00043308 /* Debug */ = {
			isa = XCBuildConfiguration;
			buildSettings = {
				CODE_SIGN_STYLE = Automatic;
				CURRENT_PROJECT_VERSION = 1;
				DEFINES_MODULE = YES;
				DYLIB_COMPATIBILITY_VERSION = 1;
				DYLIB_CURRENT_VERSION = 1;
				DYLIB_INSTALL_NAME_BASE = "@rpath";
				INFOPLIST_FILE = ScoreHistoryModule/Info.plist;
				INSTALL_PATH = "$(LOCAL_LIBRARY_DIR)/Frameworks";
				LD_RUNPATH_SEARCH_PATHS = (
					"$(inherited)",
					"@executable_path/Frameworks",
					"@loader_path/Frameworks",
				);
				PRODUCT_BUNDLE_IDENTIFIER = com.avs.ScoreHistoryModule;
				PRODUCT_NAME = "$(TARGET_NAME:c99extidentifier)";
				SKIP_INSTALL = YES;
				SWIFT_VERSION = 5.0;
				TARGETED_DEVICE_FAMILY = "1,2";
				VERSIONING_SYSTEM = "apple-generic";
				VERSION_INFO_PREFIX = "";
			};
			name = Debug;
		};
		1714E23524CF487F00043308 /* Release */ = {
			isa = XCBuildConfiguration;
			buildSettings = {
				CODE_SIGN_STYLE = Automatic;
				CURRENT_PROJECT_VERSION = 1;
				DEFINES_MODULE = YES;
				DYLIB_COMPATIBILITY_VERSION = 1;
				DYLIB_CURRENT_VERSION = 1;
				DYLIB_INSTALL_NAME_BASE = "@rpath";
				INFOPLIST_FILE = ScoreHistoryModule/Info.plist;
				INSTALL_PATH = "$(LOCAL_LIBRARY_DIR)/Frameworks";
				LD_RUNPATH_SEARCH_PATHS = (
					"$(inherited)",
					"@executable_path/Frameworks",
					"@loader_path/Frameworks",
				);
				PRODUCT_BUNDLE_IDENTIFIER = com.avs.ScoreHistoryModule;
				PRODUCT_NAME = "$(TARGET_NAME:c99extidentifier)";
				SKIP_INSTALL = YES;
				SWIFT_VERSION = 5.0;
				TARGETED_DEVICE_FAMILY = "1,2";
				VERSIONING_SYSTEM = "apple-generic";
				VERSION_INFO_PREFIX = "";
			};
			name = Release;
		};
		1714E23724CF487F00043308 /* Debug */ = {
			isa = XCBuildConfiguration;
			buildSettings = {
				ALWAYS_EMBED_SWIFT_STANDARD_LIBRARIES = YES;
				CODE_SIGN_STYLE = Automatic;
				INFOPLIST_FILE = ScoreHistoryModuleTests/Info.plist;
				LD_RUNPATH_SEARCH_PATHS = (
					"$(inherited)",
					"@executable_path/Frameworks",
					"@loader_path/Frameworks",
				);
				PRODUCT_BUNDLE_IDENTIFIER = com.avs.ScoreHistoryModuleTests;
				PRODUCT_NAME = "$(TARGET_NAME)";
				SWIFT_VERSION = 5.0;
				TARGETED_DEVICE_FAMILY = "1,2";
			};
			name = Debug;
		};
		1714E23824CF487F00043308 /* Release */ = {
			isa = XCBuildConfiguration;
			buildSettings = {
				ALWAYS_EMBED_SWIFT_STANDARD_LIBRARIES = YES;
				CODE_SIGN_STYLE = Automatic;
				INFOPLIST_FILE = ScoreHistoryModuleTests/Info.plist;
				LD_RUNPATH_SEARCH_PATHS = (
					"$(inherited)",
					"@executable_path/Frameworks",
					"@loader_path/Frameworks",
				);
				PRODUCT_BUNDLE_IDENTIFIER = com.avs.ScoreHistoryModuleTests;
				PRODUCT_NAME = "$(TARGET_NAME)";
				SWIFT_VERSION = 5.0;
				TARGETED_DEVICE_FAMILY = "1,2";
			};
			name = Release;
		};
		1715024B24C88487008AFA35 /* Debug */ = {
			isa = XCBuildConfiguration;
			buildSettings = {
				ALWAYS_SEARCH_USER_PATHS = NO;
				CLANG_ANALYZER_NONNULL = YES;
				CLANG_ANALYZER_NUMBER_OBJECT_CONVERSION = YES_AGGRESSIVE;
				CLANG_CXX_LANGUAGE_STANDARD = "gnu++14";
				CLANG_CXX_LIBRARY = "libc++";
				CLANG_ENABLE_MODULES = YES;
				CLANG_ENABLE_OBJC_ARC = YES;
				CLANG_ENABLE_OBJC_WEAK = YES;
				CLANG_WARN_BLOCK_CAPTURE_AUTORELEASING = YES;
				CLANG_WARN_BOOL_CONVERSION = YES;
				CLANG_WARN_COMMA = YES;
				CLANG_WARN_CONSTANT_CONVERSION = YES;
				CLANG_WARN_DEPRECATED_OBJC_IMPLEMENTATIONS = YES;
				CLANG_WARN_DIRECT_OBJC_ISA_USAGE = YES_ERROR;
				CLANG_WARN_DOCUMENTATION_COMMENTS = YES;
				CLANG_WARN_EMPTY_BODY = YES;
				CLANG_WARN_ENUM_CONVERSION = YES;
				CLANG_WARN_INFINITE_RECURSION = YES;
				CLANG_WARN_INT_CONVERSION = YES;
				CLANG_WARN_NON_LITERAL_NULL_CONVERSION = YES;
				CLANG_WARN_OBJC_IMPLICIT_RETAIN_SELF = YES;
				CLANG_WARN_OBJC_LITERAL_CONVERSION = YES;
				CLANG_WARN_OBJC_ROOT_CLASS = YES_ERROR;
				CLANG_WARN_RANGE_LOOP_ANALYSIS = YES;
				CLANG_WARN_STRICT_PROTOTYPES = YES;
				CLANG_WARN_SUSPICIOUS_MOVE = YES;
				CLANG_WARN_UNGUARDED_AVAILABILITY = YES_AGGRESSIVE;
				CLANG_WARN_UNREACHABLE_CODE = YES;
				CLANG_WARN__DUPLICATE_METHOD_MATCH = YES;
				COPY_PHASE_STRIP = NO;
				DEBUG_INFORMATION_FORMAT = dwarf;
				ENABLE_STRICT_OBJC_MSGSEND = YES;
				ENABLE_TESTABILITY = YES;
				GCC_C_LANGUAGE_STANDARD = gnu11;
				GCC_DYNAMIC_NO_PIC = NO;
				GCC_NO_COMMON_BLOCKS = YES;
				GCC_OPTIMIZATION_LEVEL = 0;
				GCC_PREPROCESSOR_DEFINITIONS = (
					"DEBUG=1",
					"$(inherited)",
				);
				GCC_WARN_64_TO_32_BIT_CONVERSION = YES;
				GCC_WARN_ABOUT_RETURN_TYPE = YES_ERROR;
				GCC_WARN_UNDECLARED_SELECTOR = YES;
				GCC_WARN_UNINITIALIZED_AUTOS = YES_AGGRESSIVE;
				GCC_WARN_UNUSED_FUNCTION = YES;
				GCC_WARN_UNUSED_VARIABLE = YES;
				IPHONEOS_DEPLOYMENT_TARGET = 13.6;
				MTL_ENABLE_DEBUG_INFO = INCLUDE_SOURCE;
				MTL_FAST_MATH = YES;
				ONLY_ACTIVE_ARCH = YES;
				SDKROOT = iphoneos;
				SWIFT_ACTIVE_COMPILATION_CONDITIONS = DEBUG;
				SWIFT_OPTIMIZATION_LEVEL = "-Onone";
			};
			name = Debug;
		};
		1715024C24C88487008AFA35 /* Release */ = {
			isa = XCBuildConfiguration;
			buildSettings = {
				ALWAYS_SEARCH_USER_PATHS = NO;
				CLANG_ANALYZER_NONNULL = YES;
				CLANG_ANALYZER_NUMBER_OBJECT_CONVERSION = YES_AGGRESSIVE;
				CLANG_CXX_LANGUAGE_STANDARD = "gnu++14";
				CLANG_CXX_LIBRARY = "libc++";
				CLANG_ENABLE_MODULES = YES;
				CLANG_ENABLE_OBJC_ARC = YES;
				CLANG_ENABLE_OBJC_WEAK = YES;
				CLANG_WARN_BLOCK_CAPTURE_AUTORELEASING = YES;
				CLANG_WARN_BOOL_CONVERSION = YES;
				CLANG_WARN_COMMA = YES;
				CLANG_WARN_CONSTANT_CONVERSION = YES;
				CLANG_WARN_DEPRECATED_OBJC_IMPLEMENTATIONS = YES;
				CLANG_WARN_DIRECT_OBJC_ISA_USAGE = YES_ERROR;
				CLANG_WARN_DOCUMENTATION_COMMENTS = YES;
				CLANG_WARN_EMPTY_BODY = YES;
				CLANG_WARN_ENUM_CONVERSION = YES;
				CLANG_WARN_INFINITE_RECURSION = YES;
				CLANG_WARN_INT_CONVERSION = YES;
				CLANG_WARN_NON_LITERAL_NULL_CONVERSION = YES;
				CLANG_WARN_OBJC_IMPLICIT_RETAIN_SELF = YES;
				CLANG_WARN_OBJC_LITERAL_CONVERSION = YES;
				CLANG_WARN_OBJC_ROOT_CLASS = YES_ERROR;
				CLANG_WARN_RANGE_LOOP_ANALYSIS = YES;
				CLANG_WARN_STRICT_PROTOTYPES = YES;
				CLANG_WARN_SUSPICIOUS_MOVE = YES;
				CLANG_WARN_UNGUARDED_AVAILABILITY = YES_AGGRESSIVE;
				CLANG_WARN_UNREACHABLE_CODE = YES;
				CLANG_WARN__DUPLICATE_METHOD_MATCH = YES;
				COPY_PHASE_STRIP = NO;
				DEBUG_INFORMATION_FORMAT = "dwarf-with-dsym";
				ENABLE_NS_ASSERTIONS = NO;
				ENABLE_STRICT_OBJC_MSGSEND = YES;
				GCC_C_LANGUAGE_STANDARD = gnu11;
				GCC_NO_COMMON_BLOCKS = YES;
				GCC_WARN_64_TO_32_BIT_CONVERSION = YES;
				GCC_WARN_ABOUT_RETURN_TYPE = YES_ERROR;
				GCC_WARN_UNDECLARED_SELECTOR = YES;
				GCC_WARN_UNINITIALIZED_AUTOS = YES_AGGRESSIVE;
				GCC_WARN_UNUSED_FUNCTION = YES;
				GCC_WARN_UNUSED_VARIABLE = YES;
				IPHONEOS_DEPLOYMENT_TARGET = 13.6;
				MTL_ENABLE_DEBUG_INFO = NO;
				MTL_FAST_MATH = YES;
				SDKROOT = iphoneos;
				SWIFT_COMPILATION_MODE = wholemodule;
				SWIFT_OPTIMIZATION_LEVEL = "-O";
				VALIDATE_PRODUCT = YES;
			};
			name = Release;
		};
		1715024E24C88487008AFA35 /* Debug */ = {
			isa = XCBuildConfiguration;
			buildSettings = {
				ALWAYS_EMBED_SWIFT_STANDARD_LIBRARIES = YES;
				ASSETCATALOG_COMPILER_APPICON_NAME = AppIcon;
				CODE_SIGN_STYLE = Automatic;
				DEVELOPMENT_ASSET_PATHS = "\"FallingWords2/Preview Content\"";
				ENABLE_PREVIEWS = YES;
				INFOPLIST_FILE = FallingWords2/Info.plist;
				LD_RUNPATH_SEARCH_PATHS = (
					"$(inherited)",
					"@executable_path/Frameworks",
				);
				PRODUCT_BUNDLE_IDENTIFIER = com.avs.FallingWords2;
				PRODUCT_NAME = "$(TARGET_NAME)";
				SWIFT_VERSION = 5.0;
				TARGETED_DEVICE_FAMILY = "1,2";
			};
			name = Debug;
		};
		1715024F24C88487008AFA35 /* Release */ = {
			isa = XCBuildConfiguration;
			buildSettings = {
				ALWAYS_EMBED_SWIFT_STANDARD_LIBRARIES = YES;
				ASSETCATALOG_COMPILER_APPICON_NAME = AppIcon;
				CODE_SIGN_STYLE = Automatic;
				DEVELOPMENT_ASSET_PATHS = "\"FallingWords2/Preview Content\"";
				ENABLE_PREVIEWS = YES;
				INFOPLIST_FILE = FallingWords2/Info.plist;
				LD_RUNPATH_SEARCH_PATHS = (
					"$(inherited)",
					"@executable_path/Frameworks",
				);
				PRODUCT_BUNDLE_IDENTIFIER = com.avs.FallingWords2;
				PRODUCT_NAME = "$(TARGET_NAME)";
				SWIFT_VERSION = 5.0;
				TARGETED_DEVICE_FAMILY = "1,2";
			};
			name = Release;
		};
		1715025124C88487008AFA35 /* Debug */ = {
			isa = XCBuildConfiguration;
			buildSettings = {
				ALWAYS_EMBED_SWIFT_STANDARD_LIBRARIES = YES;
				BUNDLE_LOADER = "$(TEST_HOST)";
				CLANG_ENABLE_MODULES = YES;
				CODE_SIGN_STYLE = Automatic;
				INFOPLIST_FILE = FallingWords2Tests/Info.plist;
				IPHONEOS_DEPLOYMENT_TARGET = 13.6;
				LD_RUNPATH_SEARCH_PATHS = (
					"$(inherited)",
					"@executable_path/Frameworks",
					"@loader_path/Frameworks",
				);
				PRODUCT_BUNDLE_IDENTIFIER = com.avs.FallingWords2Tests;
				PRODUCT_NAME = "$(TARGET_NAME)";
				SWIFT_OPTIMIZATION_LEVEL = "-Onone";
				SWIFT_VERSION = 5.0;
				TARGETED_DEVICE_FAMILY = "1,2";
				TEST_HOST = "$(BUILT_PRODUCTS_DIR)/FallingWords2.app/FallingWords2";
			};
			name = Debug;
		};
		1715025224C88487008AFA35 /* Release */ = {
			isa = XCBuildConfiguration;
			buildSettings = {
				ALWAYS_EMBED_SWIFT_STANDARD_LIBRARIES = YES;
				BUNDLE_LOADER = "$(TEST_HOST)";
				CLANG_ENABLE_MODULES = YES;
				CODE_SIGN_STYLE = Automatic;
				INFOPLIST_FILE = FallingWords2Tests/Info.plist;
				IPHONEOS_DEPLOYMENT_TARGET = 13.6;
				LD_RUNPATH_SEARCH_PATHS = (
					"$(inherited)",
					"@executable_path/Frameworks",
					"@loader_path/Frameworks",
				);
				PRODUCT_BUNDLE_IDENTIFIER = com.avs.FallingWords2Tests;
				PRODUCT_NAME = "$(TARGET_NAME)";
				SWIFT_VERSION = 5.0;
				TARGETED_DEVICE_FAMILY = "1,2";
				TEST_HOST = "$(BUILT_PRODUCTS_DIR)/FallingWords2.app/FallingWords2";
			};
			name = Release;
		};
		17D100DC24CF546700ED4FA4 /* Debug */ = {
			isa = XCBuildConfiguration;
			buildSettings = {
				CODE_SIGN_STYLE = Automatic;
				CURRENT_PROJECT_VERSION = 1;
				DEFINES_MODULE = YES;
				DYLIB_COMPATIBILITY_VERSION = 1;
				DYLIB_CURRENT_VERSION = 1;
				DYLIB_INSTALL_NAME_BASE = "@rpath";
				INFOPLIST_FILE = ServiceKit/Info.plist;
				INSTALL_PATH = "$(LOCAL_LIBRARY_DIR)/Frameworks";
				LD_RUNPATH_SEARCH_PATHS = (
					"$(inherited)",
					"@executable_path/Frameworks",
					"@loader_path/Frameworks",
				);
				PRODUCT_BUNDLE_IDENTIFIER = com.avs.ServiceKit;
				PRODUCT_NAME = "$(TARGET_NAME:c99extidentifier)";
				SKIP_INSTALL = YES;
				SWIFT_VERSION = 5.0;
				TARGETED_DEVICE_FAMILY = "1,2";
				VERSIONING_SYSTEM = "apple-generic";
				VERSION_INFO_PREFIX = "";
			};
			name = Debug;
		};
		17D100DD24CF546700ED4FA4 /* Release */ = {
			isa = XCBuildConfiguration;
			buildSettings = {
				CODE_SIGN_STYLE = Automatic;
				CURRENT_PROJECT_VERSION = 1;
				DEFINES_MODULE = YES;
				DYLIB_COMPATIBILITY_VERSION = 1;
				DYLIB_CURRENT_VERSION = 1;
				DYLIB_INSTALL_NAME_BASE = "@rpath";
				INFOPLIST_FILE = ServiceKit/Info.plist;
				INSTALL_PATH = "$(LOCAL_LIBRARY_DIR)/Frameworks";
				LD_RUNPATH_SEARCH_PATHS = (
					"$(inherited)",
					"@executable_path/Frameworks",
					"@loader_path/Frameworks",
				);
				PRODUCT_BUNDLE_IDENTIFIER = com.avs.ServiceKit;
				PRODUCT_NAME = "$(TARGET_NAME:c99extidentifier)";
				SKIP_INSTALL = YES;
				SWIFT_VERSION = 5.0;
				TARGETED_DEVICE_FAMILY = "1,2";
				VERSIONING_SYSTEM = "apple-generic";
				VERSION_INFO_PREFIX = "";
			};
			name = Release;
		};
		17D100DE24CF546700ED4FA4 /* Debug */ = {
			isa = XCBuildConfiguration;
			buildSettings = {
				ALWAYS_EMBED_SWIFT_STANDARD_LIBRARIES = YES;
				CODE_SIGN_STYLE = Automatic;
				INFOPLIST_FILE = ServiceKitTests/Info.plist;
				LD_RUNPATH_SEARCH_PATHS = (
					"$(inherited)",
					"@executable_path/Frameworks",
					"@loader_path/Frameworks",
				);
				PRODUCT_BUNDLE_IDENTIFIER = com.avs.ServiceKitTests;
				PRODUCT_NAME = "$(TARGET_NAME)";
				SWIFT_VERSION = 5.0;
				TARGETED_DEVICE_FAMILY = "1,2";
			};
			name = Debug;
		};
		17D100DF24CF546700ED4FA4 /* Release */ = {
			isa = XCBuildConfiguration;
			buildSettings = {
				ALWAYS_EMBED_SWIFT_STANDARD_LIBRARIES = YES;
				CODE_SIGN_STYLE = Automatic;
				INFOPLIST_FILE = ServiceKitTests/Info.plist;
				LD_RUNPATH_SEARCH_PATHS = (
					"$(inherited)",
					"@executable_path/Frameworks",
					"@loader_path/Frameworks",
				);
				PRODUCT_BUNDLE_IDENTIFIER = com.avs.ServiceKitTests;
				PRODUCT_NAME = "$(TARGET_NAME)";
				SWIFT_VERSION = 5.0;
				TARGETED_DEVICE_FAMILY = "1,2";
			};
			name = Release;
		};
/* End XCBuildConfiguration section */

/* Begin XCConfigurationList section */
		1714E1E924CF413E00043308 /* Build configuration list for PBXNativeTarget "GameModule" */ = {
			isa = XCConfigurationList;
			buildConfigurations = (
				1714E1E524CF413E00043308 /* Debug */,
				1714E1E624CF413E00043308 /* Release */,
			);
			defaultConfigurationIsVisible = 0;
			defaultConfigurationName = Release;
		};
		1714E1EA24CF413E00043308 /* Build configuration list for PBXNativeTarget "GameModuleTests" */ = {
			isa = XCConfigurationList;
			buildConfigurations = (
				1714E1E724CF413E00043308 /* Debug */,
				1714E1E824CF413E00043308 /* Release */,
			);
			defaultConfigurationIsVisible = 0;
			defaultConfigurationName = Release;
		};
		1714E20524CF436D00043308 /* Build configuration list for PBXNativeTarget "Common" */ = {
			isa = XCConfigurationList;
			buildConfigurations = (
				1714E20624CF436D00043308 /* Debug */,
				1714E20724CF436D00043308 /* Release */,
			);
			defaultConfigurationIsVisible = 0;
			defaultConfigurationName = Release;
		};
		1714E23324CF487F00043308 /* Build configuration list for PBXNativeTarget "ScoreHistoryModule" */ = {
			isa = XCConfigurationList;
			buildConfigurations = (
				1714E23424CF487F00043308 /* Debug */,
				1714E23524CF487F00043308 /* Release */,
			);
			defaultConfigurationIsVisible = 0;
			defaultConfigurationName = Release;
		};
		1714E23624CF487F00043308 /* Build configuration list for PBXNativeTarget "ScoreHistoryModuleTests" */ = {
			isa = XCConfigurationList;
			buildConfigurations = (
				1714E23724CF487F00043308 /* Debug */,
				1714E23824CF487F00043308 /* Release */,
			);
			defaultConfigurationIsVisible = 0;
			defaultConfigurationName = Release;
		};
		1715022924C88486008AFA35 /* Build configuration list for PBXProject "FallingWords2" */ = {
			isa = XCConfigurationList;
			buildConfigurations = (
				1715024B24C88487008AFA35 /* Debug */,
				1715024C24C88487008AFA35 /* Release */,
			);
			defaultConfigurationIsVisible = 0;
			defaultConfigurationName = Release;
		};
		1715024D24C88487008AFA35 /* Build configuration list for PBXNativeTarget "FallingWords2" */ = {
			isa = XCConfigurationList;
			buildConfigurations = (
				1715024E24C88487008AFA35 /* Debug */,
				1715024F24C88487008AFA35 /* Release */,
			);
			defaultConfigurationIsVisible = 0;
			defaultConfigurationName = Release;
		};
		1715025024C88487008AFA35 /* Build configuration list for PBXNativeTarget "FallingWords2Tests" */ = {
			isa = XCConfigurationList;
			buildConfigurations = (
				1715025124C88487008AFA35 /* Debug */,
				1715025224C88487008AFA35 /* Release */,
			);
			defaultConfigurationIsVisible = 0;
			defaultConfigurationName = Release;
		};
		17D100E024CF546700ED4FA4 /* Build configuration list for PBXNativeTarget "ServiceKit" */ = {
			isa = XCConfigurationList;
			buildConfigurations = (
				17D100DC24CF546700ED4FA4 /* Debug */,
				17D100DD24CF546700ED4FA4 /* Release */,
			);
			defaultConfigurationIsVisible = 0;
			defaultConfigurationName = Release;
		};
		17D100E124CF546700ED4FA4 /* Build configuration list for PBXNativeTarget "ServiceKitTests" */ = {
			isa = XCConfigurationList;
			buildConfigurations = (
				17D100DE24CF546700ED4FA4 /* Debug */,
				17D100DF24CF546700ED4FA4 /* Release */,
			);
			defaultConfigurationIsVisible = 0;
			defaultConfigurationName = Release;
		};
/* End XCConfigurationList section */

/* Begin XCRemoteSwiftPackageReference section */
		17BD1BDC24CF0F950079B186 /* XCRemoteSwiftPackageReference "swift-composable-architecture" */ = {
			isa = XCRemoteSwiftPackageReference;
			repositoryURL = "https://github.com/pointfreeco/swift-composable-architecture";
			requirement = {
				kind = upToNextMajorVersion;
				minimumVersion = 0.6.0;
			};
		};
/* End XCRemoteSwiftPackageReference section */

/* Begin XCSwiftPackageProductDependency section */
		1714E24924CF4B5D00043308 /* ComposableArchitecture */ = {
			isa = XCSwiftPackageProductDependency;
			package = 17BD1BDC24CF0F950079B186 /* XCRemoteSwiftPackageReference "swift-composable-architecture" */;
			productName = ComposableArchitecture;
		};
/* End XCSwiftPackageProductDependency section */
	};
	rootObject = 1715022624C88486008AFA35 /* Project object */;
}
